
Microsoft Visual Studio Solution File, Format Version 12.00
# Visual Studio Version 16
VisualStudioVersion = 16.0.29306.81
MinimumVisualStudioVersion = 10.0.40219.1
Project("{FAE04EC0-301F-11D3-BF4B-00C04F79EFBC}") = "Store.WebUI", "Store.WebUI\Store.WebUI.csproj", "{17D109C6-F578-4C9C-BC07-83B7557E0828}"
EndProject
Project("{FAE04EC0-301F-11D3-BF4B-00C04F79EFBC}") = "Store.UnitTests", "Store.UnitTests\Store.UnitTests.csproj", "{E3711B4E-2E86-4D86-ABE2-E6254AF9A8DE}"
EndProject
Project("{FAE04EC0-301F-11D3-BF4B-00C04F79EFBC}") = "Store.Domain", "Store.Domain\Store.Domain.csproj", "{0CF0D1D2-1782-486C-92BE-3CC8D40DD589}"
EndProject
Global
	GlobalSection(SolutionConfigurationPlatforms) = preSolution
		Debug|Any CPU = Debug|Any CPU
		Release|Any CPU = Release|Any CPU
	EndGlobalSection
	GlobalSection(ProjectConfigurationPlatforms) = postSolution
		{17D109C6-F578-4C9C-BC07-83B7557E0828}.Debug|Any CPU.ActiveCfg = Debug|Any CPU
		{17D109C6-F578-4C9C-BC07-83B7557E0828}.Debug|Any CPU.Build.0 = Debug|Any CPU
		{17D109C6-F578-4C9C-BC07-83B7557E0828}.Release|Any CPU.ActiveCfg = Release|Any CPU
		{17D109C6-F578-4C9C-BC07-83B7557E0828}.Release|Any CPU.Build.0 = Release|Any CPU
		{E3711B4E-2E86-4D86-ABE2-E6254AF9A8DE}.Debug|Any CPU.ActiveCfg = Debug|Any CPU
		{E3711B4E-2E86-4D86-ABE2-E6254AF9A8DE}.Debug|Any CPU.Build.0 = Debug|Any CPU
		{E3711B4E-2E86-4D86-ABE2-E6254AF9A8DE}.Release|Any CPU.ActiveCfg = Release|Any CPU
		{E3711B4E-2E86-4D86-ABE2-E6254AF9A8DE}.Release|Any CPU.Build.0 = Release|Any CPU
		{0CF0D1D2-1782-486C-92BE-3CC8D40DD589}.Debug|Any CPU.ActiveCfg = Debug|Any CPU
		{0CF0D1D2-1782-486C-92BE-3CC8D40DD589}.Debug|Any CPU.Build.0 = Debug|Any CPU
		{0CF0D1D2-1782-486C-92BE-3CC8D40DD589}.Release|Any CPU.ActiveCfg = Release|Any CPU
		{0CF0D1D2-1782-486C-92BE-3CC8D40DD589}.Release|Any CPU.Build.0 = Release|Any CPU
	EndGlobalSection
	GlobalSection(SolutionProperties) = preSolution
		HideSolutionNode = FALSE
	EndGlobalSection
	GlobalSection(ExtensibilityGlobals) = postSolution
		SolutionGuid = {E64231CC-92D6-40A0-A890-7D19BF7EEF8B}
	EndGlobalSection
EndGlobal
